
Microsoft Visual Studio Solution File, Format Version 12.00
# Visual Studio Version 17
VisualStudioVersion = 17.1.31911.260
MinimumVisualStudioVersion = 10.0.40219.1
Project("{11A8DD76-328B-46DF-9F39-F559912D0360}") = "NanoAppDemo", "NanoAppDemo\NanoAppDemo.nfproj", "{55E69225-4607-4E20-B4AD-F48C9FBAD58E}"
EndProject
Global
	GlobalSection(SolutionConfigurationPlatforms) = preSolution
		Debug|Any CPU = Debug|Any CPU
		Release|Any CPU = Release|Any CPU
	EndGlobalSection
	GlobalSection(ProjectConfigurationPlatforms) = postSolution
		{55E69225-4607-4E20-B4AD-F48C9FBAD58E}.Debug|Any CPU.ActiveCfg = Debug|Any CPU
		{55E69225-4607-4E20-B4AD-F48C9FBAD58E}.Debug|Any CPU.Build.0 = Debug|Any CPU
		{55E69225-4607-4E20-B4AD-F48C9FBAD58E}.Debug|Any CPU.Deploy.0 = Debug|Any CPU
		{55E69225-4607-4E20-B4AD-F48C9FBAD58E}.Release|Any CPU.ActiveCfg = Release|Any CPU
		{55E69225-4607-4E20-B4AD-F48C9FBAD58E}.Release|Any CPU.Build.0 = Release|Any CPU
		{55E69225-4607-4E20-B4AD-F48C9FBAD58E}.Release|Any CPU.Deploy.0 = Release|Any CPU
	EndGlobalSection
	GlobalSection(SolutionProperties) = preSolution
		HideSolutionNode = FALSE
	EndGlobalSection
	GlobalSection(ExtensibilityGlobals) = postSolution
		SolutionGuid = {AD5C0599-3DED-4FA1-948F-1522F9DE7E75}
	EndGlobalSection
EndGlobal
