
Microsoft Visual Studio Solution File, Format Version 12.00
# Visual Studio Version 17
VisualStudioVersion = 17.1.31911.260
MinimumVisualStudioVersion = 10.0.40219.1
Project("{FAE04EC0-301F-11D3-BF4B-00C04F79EFBC}") = "WasmDemo.Server", "WasmDemo\Server\WasmDemo.Server.csproj", "{83EFA8FC-C370-4F27-850B-D9CEF8259F6D}"
EndProject
Project("{FAE04EC0-301F-11D3-BF4B-00C04F79EFBC}") = "WasmDemo.Client", "WasmDemo\Client\WasmDemo.Client.csproj", "{4A3F66C4-705F-4332-B28D-FFA42B343593}"
EndProject
Project("{FAE04EC0-301F-11D3-BF4B-00C04F79EFBC}") = "WasmDemo.Shared", "WasmDemo\Shared\WasmDemo.Shared.csproj", "{F8F23F7E-4E11-4DB2-9EC4-7EFB947368C1}"
EndProject
Global
	GlobalSection(SolutionConfigurationPlatforms) = preSolution
		Debug|Any CPU = Debug|Any CPU
		Release|Any CPU = Release|Any CPU
	EndGlobalSection
	GlobalSection(ProjectConfigurationPlatforms) = postSolution
		{83EFA8FC-C370-4F27-850B-D9CEF8259F6D}.Debug|Any CPU.ActiveCfg = Debug|Any CPU
		{83EFA8FC-C370-4F27-850B-D9CEF8259F6D}.Debug|Any CPU.Build.0 = Debug|Any CPU
		{83EFA8FC-C370-4F27-850B-D9CEF8259F6D}.Release|Any CPU.ActiveCfg = Release|Any CPU
		{83EFA8FC-C370-4F27-850B-D9CEF8259F6D}.Release|Any CPU.Build.0 = Release|Any CPU
		{4A3F66C4-705F-4332-B28D-FFA42B343593}.Debug|Any CPU.ActiveCfg = Debug|Any CPU
		{4A3F66C4-705F-4332-B28D-FFA42B343593}.Debug|Any CPU.Build.0 = Debug|Any CPU
		{4A3F66C4-705F-4332-B28D-FFA42B343593}.Release|Any CPU.ActiveCfg = Release|Any CPU
		{4A3F66C4-705F-4332-B28D-FFA42B343593}.Release|Any CPU.Build.0 = Release|Any CPU
		{F8F23F7E-4E11-4DB2-9EC4-7EFB947368C1}.Debug|Any CPU.ActiveCfg = Debug|Any CPU
		{F8F23F7E-4E11-4DB2-9EC4-7EFB947368C1}.Debug|Any CPU.Build.0 = Debug|Any CPU
		{F8F23F7E-4E11-4DB2-9EC4-7EFB947368C1}.Release|Any CPU.ActiveCfg = Release|Any CPU
		{F8F23F7E-4E11-4DB2-9EC4-7EFB947368C1}.Release|Any CPU.Build.0 = Release|Any CPU
	EndGlobalSection
	GlobalSection(SolutionProperties) = preSolution
		HideSolutionNode = FALSE
	EndGlobalSection
	GlobalSection(ExtensibilityGlobals) = postSolution
		SolutionGuid = {6F5BDE8E-6D29-4B8E-B819-A6873DBCFD87}
	EndGlobalSection
EndGlobal
