
Microsoft Visual Studio Solution File, Format Version 12.00
# Visual Studio Version 17
VisualStudioVersion = 17.1.31911.260
MinimumVisualStudioVersion = 10.0.40219.1
Project("{FAE04EC0-301F-11D3-BF4B-00C04F79EFBC}") = "TestingDemo", "TestingDemo\TestingDemo.csproj", "{A1551709-83B4-412F-B644-0D1E2C9CD4F2}"
EndProject
Project("{FAE04EC0-301F-11D3-BF4B-00C04F79EFBC}") = "TestingDemo.Test", "TestingDemo.Test\TestingDemo.Test.csproj", "{8A06159C-B615-4FE2-BCBC-A78290B33770}"
EndProject
Global
	GlobalSection(SolutionConfigurationPlatforms) = preSolution
		Debug|Any CPU = Debug|Any CPU
		Release|Any CPU = Release|Any CPU
	EndGlobalSection
	GlobalSection(ProjectConfigurationPlatforms) = postSolution
		{A1551709-83B4-412F-B644-0D1E2C9CD4F2}.Debug|Any CPU.ActiveCfg = Debug|Any CPU
		{A1551709-83B4-412F-B644-0D1E2C9CD4F2}.Debug|Any CPU.Build.0 = Debug|Any CPU
		{A1551709-83B4-412F-B644-0D1E2C9CD4F2}.Release|Any CPU.ActiveCfg = Release|Any CPU
		{A1551709-83B4-412F-B644-0D1E2C9CD4F2}.Release|Any CPU.Build.0 = Release|Any CPU
		{8A06159C-B615-4FE2-BCBC-A78290B33770}.Debug|Any CPU.ActiveCfg = Debug|Any CPU
		{8A06159C-B615-4FE2-BCBC-A78290B33770}.Debug|Any CPU.Build.0 = Debug|Any CPU
		{8A06159C-B615-4FE2-BCBC-A78290B33770}.Release|Any CPU.ActiveCfg = Release|Any CPU
		{8A06159C-B615-4FE2-BCBC-A78290B33770}.Release|Any CPU.Build.0 = Release|Any CPU
	EndGlobalSection
	GlobalSection(SolutionProperties) = preSolution
		HideSolutionNode = FALSE
	EndGlobalSection
	GlobalSection(ExtensibilityGlobals) = postSolution
		SolutionGuid = {A1F9C7F6-4800-4072-B51D-B6F63F0594BB}
	EndGlobalSection
EndGlobal
